
Microsoft Visual Studio Solution File, Format Version 12.00
# Visual Studio Version 16
VisualStudioVersion = 16.0.31729.503
MinimumVisualStudioVersion = 10.0.40219.1
Project("{FAE04EC0-301F-11D3-BF4B-00C04F79EFBC}") = "Project0", "Project0\Project0.csproj", "{F5002481-B982-4E13-A2B5-590F38D8955F}"
EndProject
Project("{FAE04EC0-301F-11D3-BF4B-00C04F79EFBC}") = "ProjectModelLib", "ProjectModelLib\ProjectModelLib.csproj", "{2B804BB8-2AA6-4111-8B72-890A61AFD792}"
EndProject
Project("{FAE04EC0-301F-11D3-BF4B-00C04F79EFBC}") = "DbConnectionLib", "DbConnectionLib\DbConnectionLib.csproj", "{FF3F8742-8C1D-4117-909C-CBBF76ACB353}"
EndProject
Global
	GlobalSection(SolutionConfigurationPlatforms) = preSolution
		Debug|Any CPU = Debug|Any CPU
		Release|Any CPU = Release|Any CPU
	EndGlobalSection
	GlobalSection(ProjectConfigurationPlatforms) = postSolution
		{F5002481-B982-4E13-A2B5-590F38D8955F}.Debug|Any CPU.ActiveCfg = Debug|Any CPU
		{F5002481-B982-4E13-A2B5-590F38D8955F}.Debug|Any CPU.Build.0 = Debug|Any CPU
		{F5002481-B982-4E13-A2B5-590F38D8955F}.Release|Any CPU.ActiveCfg = Release|Any CPU
		{F5002481-B982-4E13-A2B5-590F38D8955F}.Release|Any CPU.Build.0 = Release|Any CPU
		{2B804BB8-2AA6-4111-8B72-890A61AFD792}.Debug|Any CPU.ActiveCfg = Debug|Any CPU
		{2B804BB8-2AA6-4111-8B72-890A61AFD792}.Debug|Any CPU.Build.0 = Debug|Any CPU
		{2B804BB8-2AA6-4111-8B72-890A61AFD792}.Release|Any CPU.ActiveCfg = Release|Any CPU
		{2B804BB8-2AA6-4111-8B72-890A61AFD792}.Release|Any CPU.Build.0 = Release|Any CPU
		{FF3F8742-8C1D-4117-909C-CBBF76ACB353}.Debug|Any CPU.ActiveCfg = Debug|Any CPU
		{FF3F8742-8C1D-4117-909C-CBBF76ACB353}.Debug|Any CPU.Build.0 = Debug|Any CPU
		{FF3F8742-8C1D-4117-909C-CBBF76ACB353}.Release|Any CPU.ActiveCfg = Release|Any CPU
		{FF3F8742-8C1D-4117-909C-CBBF76ACB353}.Release|Any CPU.Build.0 = Release|Any CPU
	EndGlobalSection
	GlobalSection(SolutionProperties) = preSolution
		HideSolutionNode = FALSE
	EndGlobalSection
	GlobalSection(ExtensibilityGlobals) = postSolution
		SolutionGuid = {D0BD6158-A267-4A8B-A387-9E5BD5510384}
	EndGlobalSection
EndGlobal
